
Microsoft Visual Studio Solution File, Format Version 12.00
# Visual Studio 15
VisualStudioVersion = 15.0.26730.15
MinimumVisualStudioVersion = 10.0.40219.1
Project("{9A19103F-16F7-4668-BE54-9A1E7A4F7556}") = "rmi.medicine.doctor", "rmi.medicine.doctor.csproj", "{8AF76403-7E72-408B-8905-89B8A66B85DC}"
EndProject
Global
	GlobalSection(SolutionConfigurationPlatforms) = preSolution
		Debug|Any CPU = Debug|Any CPU
		Release|Any CPU = Release|Any CPU
	EndGlobalSection
	GlobalSection(ProjectConfigurationPlatforms) = postSolution
		{8AF76403-7E72-408B-8905-89B8A66B85DC}.Debug|Any CPU.ActiveCfg = Debug|Any CPU
		{8AF76403-7E72-408B-8905-89B8A66B85DC}.Debug|Any CPU.Build.0 = Debug|Any CPU
		{8AF76403-7E72-408B-8905-89B8A66B85DC}.Release|Any CPU.ActiveCfg = Release|Any CPU
		{8AF76403-7E72-408B-8905-89B8A66B85DC}.Release|Any CPU.Build.0 = Release|Any CPU
	EndGlobalSection
	GlobalSection(SolutionProperties) = preSolution
		HideSolutionNode = FALSE
	EndGlobalSection
	GlobalSection(ExtensibilityGlobals) = postSolution
		SolutionGuid = {0DC74618-F348-4413-A558-93B38963D46C}
	EndGlobalSection
EndGlobal
